<?xml version="1.0" encoding="utf-8"?>
<Project ToolsVersion="4.0" xmlns="http://schemas.microsoft.com/developer/msbuild/2003">
  <ItemGroup>
    <ClCompile Include="Main.cpp" />
    <ClCompile Include="stdafx.cpp" />
    <ClCompile Include="VertexLineColorDemo.cpp">
      <Filter>Vertex</Filter>
    </ClCompile>
    <ClCompile Include="VertexLineDemo.cpp">
      <Filter>Vertex</Filter>
    </ClCompile>
    <ClCompile Include="VertexTopologyDemo.cpp">
      <Filter>Vertex</Filter>
    </ClCompile>
    <ClCompile Include="TriangleDemo.cpp">
      <Filter>Section</Filter>
    </ClCompile>
    <ClCompile Include="RectDemo.cpp">
      <Filter>Section</Filter>
    </ClCompile>
    <ClCompile Include="WorldDemo.cpp">
      <Filter>World</Filter>
    </ClCompile>
    <ClCompile Include="GreedDemo.cpp">
      <Filter>Section</Filter>
    </ClCompile>
  </ItemGroup>
  <ItemGroup>
    <ClInclude Include="Main.h" />
    <ClInclude Include="stdafx.h" />
    <ClInclude Include="VertexLineDemo.h">
      <Filter>Vertex</Filter>
    </ClInclude>
    <ClInclude Include="VertexLineColorDemo.h">
      <Filter>Vertex</Filter>
    </ClInclude>
    <ClInclude Include="VertexTopologyDemo.h">
      <Filter>Vertex</Filter>
    </ClInclude>
    <ClInclude Include="TriangleDemo.h">
      <Filter>Section</Filter>
    </ClInclude>
    <ClInclude Include="RectDemo.h">
      <Filter>Section</Filter>
    </ClInclude>
    <ClInclude Include="WorldDemo.h">
      <Filter>World</Filter>
    </ClInclude>
    <ClInclude Include="GreedDemo.h">
      <Filter>Section</Filter>
    </ClInclude>
  </ItemGroup>
  <ItemGroup>
    <Filter Include="Vertex">
      <UniqueIdentifier>{2b558723-0189-401d-87f8-48a28fc164a3}</UniqueIdentifier>
    </Filter>
    <Filter Include="Section">
      <UniqueIdentifier>{eccabaf0-d124-4f81-bec8-ff1e342f4f19}</UniqueIdentifier>
    </Filter>
    <Filter Include="World">
      <UniqueIdentifier>{b3b4470f-a102-469a-865c-ea495a1d1551}</UniqueIdentifier>
    </Filter>
  </ItemGroup>
</Project>